Microsoft Visual Studio Solution File, Format Version 11.00
# Visual Studio 2008

Project("{DE00AF26-FE73-58DE-3508-4378848DCDF2}") = "Lost Kids", "Assembly-CSharp-firstpass.csproj", "{7C05730F-9A93-2B27-5F39-BC6F5C4A6FC4}"
EndProject
Project("{DE00AF26-FE73-58DE-3508-4378848DCDF2}") = "Lost Kids", "Assembly-CSharp.csproj", "{F283BAAC-4261-9338-9697-E73511310887}"
EndProject
Project("{DE00AF26-FE73-58DE-3508-4378848DCDF2}") = "Lost Kids", "Assembly-CSharp-Editor.csproj", "{F23C934F-A49D-31EB-F9E2-0E4F44B392BA}"
EndProject
Global
	GlobalSection(SolutionConfigurationPlatforms) = preSolution
		Debug|Any CPU = Debug|Any CPU
		Release|Any CPU = Release|Any CPU
	EndGlobalSection
	GlobalSection(ProjectConfigurationPlatforms) = postSolution
		{7C05730F-9A93-2B27-5F39-BC6F5C4A6FC4}.Debug|Any CPU.ActiveCfg = Debug|Any CPU
		{7C05730F-9A93-2B27-5F39-BC6F5C4A6FC4}.Debug|Any CPU.Build.0 = Debug|Any CPU
		{7C05730F-9A93-2B27-5F39-BC6F5C4A6FC4}.Release|Any CPU.ActiveCfg = Release|Any CPU
		{7C05730F-9A93-2B27-5F39-BC6F5C4A6FC4}.Release|Any CPU.Build.0 = Release|Any CPU
		{F283BAAC-4261-9338-9697-E73511310887}.Debug|Any CPU.ActiveCfg = Debug|Any CPU
		{F283BAAC-4261-9338-9697-E73511310887}.Debug|Any CPU.Build.0 = Debug|Any CPU
		{F283BAAC-4261-9338-9697-E73511310887}.Release|Any CPU.ActiveCfg = Release|Any CPU
		{F283BAAC-4261-9338-9697-E73511310887}.Release|Any CPU.Build.0 = Release|Any CPU
		{F23C934F-A49D-31EB-F9E2-0E4F44B392BA}.Debug|Any CPU.ActiveCfg = Debug|Any CPU
		{F23C934F-A49D-31EB-F9E2-0E4F44B392BA}.Debug|Any CPU.Build.0 = Debug|Any CPU
		{F23C934F-A49D-31EB-F9E2-0E4F44B392BA}.Release|Any CPU.ActiveCfg = Release|Any CPU
		{F23C934F-A49D-31EB-F9E2-0E4F44B392BA}.Release|Any CPU.Build.0 = Release|Any CPU
	EndGlobalSection
	GlobalSection(SolutionProperties) = preSolution
		HideSolutionNode = FALSE
	EndGlobalSection
	GlobalSection(MonoDevelopProperties) = preSolution
		StartupItem = Assembly-CSharp.csproj
	EndGlobalSection
EndGlobal
