
Microsoft Visual Studio Solution File, Format Version 12.00
# Visual Studio 2015
Project("{FAE04EC0-301F-11D3-BF4B-00C04F79EFBC}") = "Lost Kids.CSharp", "Lost Kids.CSharp.csproj", "{8B10B78F-1549-EE9F-4E34-22D243C505FE}"
EndProject
Project("{FAE04EC0-301F-11D3-BF4B-00C04F79EFBC}") = "Lost Kids.CSharp.Editor", "Lost Kids.CSharp.Editor.csproj", "{C2FC01D1-DD0B-B799-033B-16BDECA53BD9}"
EndProject
Global
	GlobalSection(SolutionConfigurationPlatforms) = preSolution
		Debug|Any CPU = Debug|Any CPU
		Release|Any CPU = Release|Any CPU
	EndGlobalSection
	GlobalSection(ProjectConfigurationPlatforms) = postSolution
		{8B10B78F-1549-EE9F-4E34-22D243C505FE}.Debug|Any CPU.ActiveCfg = Debug|Any CPU
		{8B10B78F-1549-EE9F-4E34-22D243C505FE}.Debug|Any CPU.Build.0 = Debug|Any CPU
		{8B10B78F-1549-EE9F-4E34-22D243C505FE}.Release|Any CPU.ActiveCfg = Release|Any CPU
		{8B10B78F-1549-EE9F-4E34-22D243C505FE}.Release|Any CPU.Build.0 = Release|Any CPU
		{C2FC01D1-DD0B-B799-033B-16BDECA53BD9}.Debug|Any CPU.ActiveCfg = Debug|Any CPU
		{C2FC01D1-DD0B-B799-033B-16BDECA53BD9}.Debug|Any CPU.Build.0 = Debug|Any CPU
		{C2FC01D1-DD0B-B799-033B-16BDECA53BD9}.Release|Any CPU.ActiveCfg = Release|Any CPU
		{C2FC01D1-DD0B-B799-033B-16BDECA53BD9}.Release|Any CPU.Build.0 = Release|Any CPU
	EndGlobalSection
	GlobalSection(SolutionProperties) = preSolution
		HideSolutionNode = FALSE
	EndGlobalSection
EndGlobal
